
Microsoft Visual Studio Solution File, Format Version 12.00
# Visual Studio Version 17
VisualStudioVersion = 17.14.36203.30 d17.14
MinimumVisualStudioVersion = 10.0.40219.1
Project("{FAE04EC0-301F-11D3-BF4B-00C04F79EFBC}") = "C44-G00-EX02", "C44-G00-EX02\C44-G00-EX02.csproj", "{6AC68F10-0908-4F7D-8B39-413471D1600C}"
EndProject
Global
	GlobalSection(SolutionConfigurationPlatforms) = preSolution
		Debug|Any CPU = Debug|Any CPU
		Release|Any CPU = Release|Any CPU
	EndGlobalSection
	GlobalSection(ProjectConfigurationPlatforms) = postSolution
		{6AC68F10-0908-4F7D-8B39-413471D1600C}.Debug|Any CPU.ActiveCfg = Debug|Any CPU
		{6AC68F10-0908-4F7D-8B39-413471D1600C}.Debug|Any CPU.Build.0 = Debug|Any CPU
		{6AC68F10-0908-4F7D-8B39-413471D1600C}.Release|Any CPU.ActiveCfg = Release|Any CPU
		{6AC68F10-0908-4F7D-8B39-413471D1600C}.Release|Any CPU.Build.0 = Release|Any CPU
	EndGlobalSection
	GlobalSection(SolutionProperties) = preSolution
		HideSolutionNode = FALSE
	EndGlobalSection
	GlobalSection(ExtensibilityGlobals) = postSolution
		SolutionGuid = {2B795834-01F5-43F7-A075-D8AB24A7447D}
	EndGlobalSection
EndGlobal
